
Microsoft Visual Studio Solution File, Format Version 12.00
# Visual Studio Version 17
VisualStudioVersion = 17.12.35707.178
MinimumVisualStudioVersion = 10.0.40219.1
Project("{2150E333-8FDC-42A3-9474-1A3956D46DE8}") = "1.BaseLayer", "1.BaseLayer", "{EC713131-E174-4FE3-8BE2-6974FDE0B81B}"
EndProject
Project("{2150E333-8FDC-42A3-9474-1A3956D46DE8}") = "2.DataLayer", "2.DataLayer", "{E046B29F-90C7-4BFC-8236-470210E90C50}"
EndProject
Project("{2150E333-8FDC-42A3-9474-1A3956D46DE8}") = "3.LogicLayer", "3.LogicLayer", "{66AED109-B2D1-48F7-9B99-E6B7367C150B}"
EndProject
Project("{2150E333-8FDC-42A3-9474-1A3956D46DE8}") = "4.Presentation", "4.Presentation", "{515E5D69-7E1E-4527-AD75-71CFC649CCFE}"
EndProject
Project("{FAE04EC0-301F-11D3-BF4B-00C04F79EFBC}") = "NextERP.Util", "NextERP.Common\NextERP.Util.csproj", "{0F29E826-E0CC-47A8-9A13-813AC0B60126}"
EndProject
Project("{FAE04EC0-301F-11D3-BF4B-00C04F79EFBC}") = "NextERP.DAL", "NextERP.DAL\NextERP.DAL.csproj", "{5E96C367-D2AD-427D-9094-2CC9D6D180B1}"
EndProject
Project("{FAE04EC0-301F-11D3-BF4B-00C04F79EFBC}") = "NextERP.BLL", "NextERP.BLL\NextERP.BLL.csproj", "{E33C96C2-6F2B-45A1-97BD-42F15A28A97F}"
EndProject
Project("{FAE04EC0-301F-11D3-BF4B-00C04F79EFBC}") = "NextERP.ModelBase", "NextERP.ModelBase\NextERP.ModelBase.csproj", "{77861CF2-7E2C-454B-A95B-E666BE4C6BD9}"
EndProject
Project("{FAE04EC0-301F-11D3-BF4B-00C04F79EFBC}") = "NextERP.API", "NextERP.API\NextERP.API.csproj", "{69384B5F-561E-4ED5-8651-6EBC4E5C9CDD}"
EndProject
Project("{FAE04EC0-301F-11D3-BF4B-00C04F79EFBC}") = "NextERP.MVC.Admin", "NextERP.MVC.Admin\NextERP.MVC.Admin.csproj", "{555BDFA6-5F70-45CD-AC48-B39777C8E17F}"
EndProject
Global
	GlobalSection(SolutionConfigurationPlatforms) = preSolution
		Debug|Any CPU = Debug|Any CPU
		Release|Any CPU = Release|Any CPU
	EndGlobalSection
	GlobalSection(ProjectConfigurationPlatforms) = postSolution
		{0F29E826-E0CC-47A8-9A13-813AC0B60126}.Debug|Any CPU.ActiveCfg = Debug|Any CPU
		{0F29E826-E0CC-47A8-9A13-813AC0B60126}.Debug|Any CPU.Build.0 = Debug|Any CPU
		{0F29E826-E0CC-47A8-9A13-813AC0B60126}.Release|Any CPU.ActiveCfg = Release|Any CPU
		{0F29E826-E0CC-47A8-9A13-813AC0B60126}.Release|Any CPU.Build.0 = Release|Any CPU
		{5E96C367-D2AD-427D-9094-2CC9D6D180B1}.Debug|Any CPU.ActiveCfg = Debug|Any CPU
		{5E96C367-D2AD-427D-9094-2CC9D6D180B1}.Debug|Any CPU.Build.0 = Debug|Any CPU
		{5E96C367-D2AD-427D-9094-2CC9D6D180B1}.Release|Any CPU.ActiveCfg = Release|Any CPU
		{5E96C367-D2AD-427D-9094-2CC9D6D180B1}.Release|Any CPU.Build.0 = Release|Any CPU
		{E33C96C2-6F2B-45A1-97BD-42F15A28A97F}.Debug|Any CPU.ActiveCfg = Debug|Any CPU
		{E33C96C2-6F2B-45A1-97BD-42F15A28A97F}.Debug|Any CPU.Build.0 = Debug|Any CPU
		{E33C96C2-6F2B-45A1-97BD-42F15A28A97F}.Release|Any CPU.ActiveCfg = Release|Any CPU
		{E33C96C2-6F2B-45A1-97BD-42F15A28A97F}.Release|Any CPU.Build.0 = Release|Any CPU
		{77861CF2-7E2C-454B-A95B-E666BE4C6BD9}.Debug|Any CPU.ActiveCfg = Debug|Any CPU
		{77861CF2-7E2C-454B-A95B-E666BE4C6BD9}.Debug|Any CPU.Build.0 = Debug|Any CPU
		{77861CF2-7E2C-454B-A95B-E666BE4C6BD9}.Release|Any CPU.ActiveCfg = Release|Any CPU
		{77861CF2-7E2C-454B-A95B-E666BE4C6BD9}.Release|Any CPU.Build.0 = Release|Any CPU
		{69384B5F-561E-4ED5-8651-6EBC4E5C9CDD}.Debug|Any CPU.ActiveCfg = Debug|Any CPU
		{69384B5F-561E-4ED5-8651-6EBC4E5C9CDD}.Debug|Any CPU.Build.0 = Debug|Any CPU
		{69384B5F-561E-4ED5-8651-6EBC4E5C9CDD}.Release|Any CPU.ActiveCfg = Release|Any CPU
		{69384B5F-561E-4ED5-8651-6EBC4E5C9CDD}.Release|Any CPU.Build.0 = Release|Any CPU
		{555BDFA6-5F70-45CD-AC48-B39777C8E17F}.Debug|Any CPU.ActiveCfg = Debug|Any CPU
		{555BDFA6-5F70-45CD-AC48-B39777C8E17F}.Debug|Any CPU.Build.0 = Debug|Any CPU
		{555BDFA6-5F70-45CD-AC48-B39777C8E17F}.Release|Any CPU.ActiveCfg = Release|Any CPU
		{555BDFA6-5F70-45CD-AC48-B39777C8E17F}.Release|Any CPU.Build.0 = Release|Any CPU
	EndGlobalSection
	GlobalSection(SolutionProperties) = preSolution
		HideSolutionNode = FALSE
	EndGlobalSection
	GlobalSection(NestedProjects) = preSolution
		{0F29E826-E0CC-47A8-9A13-813AC0B60126} = {EC713131-E174-4FE3-8BE2-6974FDE0B81B}
		{5E96C367-D2AD-427D-9094-2CC9D6D180B1} = {E046B29F-90C7-4BFC-8236-470210E90C50}
		{E33C96C2-6F2B-45A1-97BD-42F15A28A97F} = {66AED109-B2D1-48F7-9B99-E6B7367C150B}
		{77861CF2-7E2C-454B-A95B-E666BE4C6BD9} = {66AED109-B2D1-48F7-9B99-E6B7367C150B}
		{69384B5F-561E-4ED5-8651-6EBC4E5C9CDD} = {515E5D69-7E1E-4527-AD75-71CFC649CCFE}
		{555BDFA6-5F70-45CD-AC48-B39777C8E17F} = {515E5D69-7E1E-4527-AD75-71CFC649CCFE}
	EndGlobalSection
	GlobalSection(ExtensibilityGlobals) = postSolution
		SolutionGuid = {3E5F15C5-7B7E-4F00-8739-B81AACC33D38}
	EndGlobalSection
EndGlobal
